// !$*UTF8*$!
{
	archiveVersion = 1;
	classes = {
	};
	objectVersion = 56;
	objects = {

/* Begin PBXBuildFile section */
		6B63EEC9298BA71100F7CEEA /* NeumorphismModifiers.swift in Sources */ = {isa = PBXBuildFile; fileRef = 6B63EEC8298BA71100F7CEEA /* NeumorphismModifiers.swift */; };
		6B63EECC298BA7FB00F7CEEA /* View+.swift in Sources */ = {isa = PBXBuildFile; fileRef = 6B63EECB298BA7FB00F7CEEA /* View+.swift */; };
		6B63EECF298BC53F00F7CEEA /* CustomStepper.swift in Sources */ = {isa = PBXBuildFile; fileRef = 6B63EECE298BC53F00F7CEEA /* CustomStepper.swift */; };
		6B63EED2298BCF1200F7CEEA /* CarPreviewModelView.swift in Sources */ = {isa = PBXBuildFile; fileRef = 6B63EED1298BCF1200F7CEEA /* CarPreviewModelView.swift */; };
		6B63EED5298BD0C800F7CEEA /* CarPreviewNeumorphismModifiers.swift in Sources */ = {isa = PBXBuildFile; fileRef = 6B63EED4298BD0C800F7CEEA /* CarPreviewNeumorphismModifiers.swift */; };
		6B9EB019298859560037D178 /* SUITesslaAppApp.swift in Sources */ = {isa = PBXBuildFile; fileRef = 6B9EB018298859560037D178 /* SUITesslaAppApp.swift */; };
		6B9EB01B298859560037D178 /* CarPreviewScreen.swift in Sources */ = {isa = PBXBuildFile; fileRef = 6B9EB01A298859560037D178 /* CarPreviewScreen.swift */; };
		6B9EB01D298859580037D178 /* Assets.xcassets in Resources */ = {isa = PBXBuildFile; fileRef = 6B9EB01C298859580037D178 /* Assets.xcassets */; };
		6B9EB020298859580037D178 /* Preview Assets.xcassets in Resources */ = {isa = PBXBuildFile; fileRef = 6B9EB01F298859580037D178 /* Preview Assets.xcassets */; };
		6B9EB0282988E6160037D178 /* StartScreen.swift in Sources */ = {isa = PBXBuildFile; fileRef = 6B9EB0272988E6160037D178 /* StartScreen.swift */; };
		6BA0E79B298997C800C2AC98 /* SettingsScreenView.swift in Sources */ = {isa = PBXBuildFile; fileRef = 6BA0E79A298997C800C2AC98 /* SettingsScreenView.swift */; };
		6BA0E79E2989B89800C2AC98 /* CarSettingsSlider.swift in Sources */ = {isa = PBXBuildFile; fileRef = 6BA0E79D2989B89800C2AC98 /* CarSettingsSlider.swift */; };
		6BA0E7A1298A3DCC00C2AC98 /* GlobalConstants.swift in Sources */ = {isa = PBXBuildFile; fileRef = 6BA0E7A0298A3DCC00C2AC98 /* GlobalConstants.swift */; };
		6BA0E7A3298ACB6500C2AC98 /* SettingsScreenViewModel.swift in Sources */ = {isa = PBXBuildFile; fileRef = 6BA0E7A2298ACB6500C2AC98 /* SettingsScreenViewModel.swift */; };
/* End PBXBuildFile section */

/* Begin PBXFileReference section */
		6B63EEC8298BA71100F7CEEA /* NeumorphismModifiers.swift */ = {isa = PBXFileReference; lastKnownFileType = sourcecode.swift; path = NeumorphismModifiers.swift; sourceTree = "<group>"; };
		6B63EECB298BA7FB00F7CEEA /* View+.swift */ = {isa = PBXFileReference; lastKnownFileType = sourcecode.swift; path = "View+.swift"; sourceTree = "<group>"; };
		6B63EECE298BC53F00F7CEEA /* CustomStepper.swift */ = {isa = PBXFileReference; lastKnownFileType = sourcecode.swift; path = CustomStepper.swift; sourceTree = "<group>"; };
		6B63EED1298BCF1200F7CEEA /* CarPreviewModelView.swift */ = {isa = PBXFileReference; lastKnownFileType = sourcecode.swift; path = CarPreviewModelView.swift; sourceTree = "<group>"; };
		6B63EED4298BD0C800F7CEEA /* CarPreviewNeumorphismModifiers.swift */ = {isa = PBXFileReference; lastKnownFileType = sourcecode.swift; path = CarPreviewNeumorphismModifiers.swift; sourceTree = "<group>"; };
		6B9EB015298859560037D178 /* SUITesslaApp.app */ = {isa = PBXFileReference; explicitFileType = wrapper.application; includeInIndex = 0; path = SUITesslaApp.app; sourceTree = BUILT_PRODUCTS_DIR; };
		6B9EB018298859560037D178 /* SUITesslaAppApp.swift */ = {isa = PBXFileReference; lastKnownFileType = sourcecode.swift; path = SUITesslaAppApp.swift; sourceTree = "<group>"; };
		6B9EB01A298859560037D178 /* CarPreviewScreen.swift */ = {isa = PBXFileReference; lastKnownFileType = sourcecode.swift; path = CarPreviewScreen.swift; sourceTree = "<group>"; };
		6B9EB01C298859580037D178 /* Assets.xcassets */ = {isa = PBXFileReference; lastKnownFileType = folder.assetcatalog; path = Assets.xcassets; sourceTree = "<group>"; };
		6B9EB01F298859580037D178 /* Preview Assets.xcassets */ = {isa = PBXFileReference; lastKnownFileType = folder.assetcatalog; path = "Preview Assets.xcassets"; sourceTree = "<group>"; };
		6B9EB0272988E6160037D178 /* StartScreen.swift */ = {isa = PBXFileReference; lastKnownFileType = sourcecode.swift; path = StartScreen.swift; sourceTree = "<group>"; };
		6BA0E79A298997C800C2AC98 /* SettingsScreenView.swift */ = {isa = PBXFileReference; lastKnownFileType = sourcecode.swift; path = SettingsScreenView.swift; sourceTree = "<group>"; };
		6BA0E79D2989B89800C2AC98 /* CarSettingsSlider.swift */ = {isa = PBXFileReference; lastKnownFileType = sourcecode.swift; path = CarSettingsSlider.swift; sourceTree = "<group>"; };
		6BA0E7A0298A3DCC00C2AC98 /* GlobalConstants.swift */ = {isa = PBXFileReference; lastKnownFileType = sourcecode.swift; path = GlobalConstants.swift; sourceTree = "<group>"; };
		6BA0E7A2298ACB6500C2AC98 /* SettingsScreenViewModel.swift */ = {isa = PBXFileReference; lastKnownFileType = sourcecode.swift; path = SettingsScreenViewModel.swift; sourceTree = "<group>"; };
/* End PBXFileReference section */

/* Begin PBXFrameworksBuildPhase section */
		6B9EB012298859560037D178 /* Frameworks */ = {
			isa = PBXFrameworksBuildPhase;
			buildActionMask = 2147483647;
			files = (
			);
			runOnlyForDeploymentPostprocessing = 0;
		};
/* End PBXFrameworksBuildPhase section */

/* Begin PBXGroup section */
		6B63EEC7298BA6C900F7CEEA /* NeumorphismModifier */ = {
			isa = PBXGroup;
			children = (
				6B63EEC8298BA71100F7CEEA /* NeumorphismModifiers.swift */,
			);
			path = NeumorphismModifier;
			sourceTree = "<group>";
		};
		6B63EECA298BA7E600F7CEEA /* Extensions */ = {
			isa = PBXGroup;
			children = (
				6B63EECB298BA7FB00F7CEEA /* View+.swift */,
			);
			path = Extensions;
			sourceTree = "<group>";
		};
		6B63EECD298BC53200F7CEEA /* CustomStepper */ = {
			isa = PBXGroup;
			children = (
				6B63EECE298BC53F00F7CEEA /* CustomStepper.swift */,
			);
			path = CustomStepper;
			sourceTree = "<group>";
		};
		6B63EED0298BCEFD00F7CEEA /* CarPreview */ = {
			isa = PBXGroup;
			children = (
				6B63EED3298BD0B200F7CEEA /* Modifier */,
				6B9EB01A298859560037D178 /* CarPreviewScreen.swift */,
				6B63EED1298BCF1200F7CEEA /* CarPreviewModelView.swift */,
			);
			path = CarPreview;
			sourceTree = "<group>";
		};
		6B63EED3298BD0B200F7CEEA /* Modifier */ = {
			isa = PBXGroup;
			children = (
				6B63EED4298BD0C800F7CEEA /* CarPreviewNeumorphismModifiers.swift */,
			);
			path = Modifier;
			sourceTree = "<group>";
		};
		6B9EB00C298859560037D178 = {
			isa = PBXGroup;
			children = (
				6B9EB017298859560037D178 /* SUITesslaApp */,
				6B9EB016298859560037D178 /* Products */,
			);
			sourceTree = "<group>";
		};
		6B9EB016298859560037D178 /* Products */ = {
			isa = PBXGroup;
			children = (
				6B9EB015298859560037D178 /* SUITesslaApp.app */,
			);
			name = Products;
			sourceTree = "<group>";
		};
		6B9EB017298859560037D178 /* SUITesslaApp */ = {
			isa = PBXGroup;
			children = (
				6B63EED0298BCEFD00F7CEEA /* CarPreview */,
				6B63EECD298BC53200F7CEEA /* CustomStepper */,
				6B63EECA298BA7E600F7CEEA /* Extensions */,
				6BA0E79F298A3DA300C2AC98 /* GlobalConstants */,
				6BA0E79C2989B88800C2AC98 /* CustomSlider */,
				6BA0E799298997B900C2AC98 /* SettingsScreen */,
				6B9EB0262988E6030037D178 /* StartScreen */,
				6B9EB018298859560037D178 /* SUITesslaAppApp.swift */,
				6B9EB01C298859580037D178 /* Assets.xcassets */,
				6B9EB01E298859580037D178 /* Preview Content */,
			);
			path = SUITesslaApp;
			sourceTree = "<group>";
		};
		6B9EB01E298859580037D178 /* Preview Content */ = {
			isa = PBXGroup;
			children = (
				6B9EB01F298859580037D178 /* Preview Assets.xcassets */,
			);
			path = "Preview Content";
			sourceTree = "<group>";
		};
		6B9EB0262988E6030037D178 /* StartScreen */ = {
			isa = PBXGroup;
			children = (
				6B9EB0272988E6160037D178 /* StartScreen.swift */,
			);
			path = StartScreen;
			sourceTree = "<group>";
		};
		6BA0E799298997B900C2AC98 /* SettingsScreen */ = {
			isa = PBXGroup;
			children = (
				6B63EEC7298BA6C900F7CEEA /* NeumorphismModifier */,
				6BA0E79A298997C800C2AC98 /* SettingsScreenView.swift */,
				6BA0E7A2298ACB6500C2AC98 /* SettingsScreenViewModel.swift */,
			);
			path = SettingsScreen;
			sourceTree = "<group>";
		};
		6BA0E79C2989B88800C2AC98 /* CustomSlider */ = {
			isa = PBXGroup;
			children = (
				6BA0E79D2989B89800C2AC98 /* CarSettingsSlider.swift */,
			);
			path = CustomSlider;
			sourceTree = "<group>";
		};
		6BA0E79F298A3DA300C2AC98 /* GlobalConstants */ = {
			isa = PBXGroup;
			children = (
				6BA0E7A0298A3DCC00C2AC98 /* GlobalConstants.swift */,
			);
			path = GlobalConstants;
			sourceTree = "<group>";
		};
/* End PBXGroup section */

/* Begin PBXNativeTarget section */
		6B9EB014298859560037D178 /* SUITesslaApp */ = {
			isa = PBXNativeTarget;
			buildConfigurationList = 6B9EB023298859580037D178 /* Build configuration list for PBXNativeTarget "SUITesslaApp" */;
			buildPhases = (
				6B9EB011298859560037D178 /* Sources */,
				6B9EB012298859560037D178 /* Frameworks */,
				6B9EB013298859560037D178 /* Resources */,
			);
			buildRules = (
			);
			dependencies = (
			);
			name = SUITesslaApp;
			productName = SUITesslaApp;
			productReference = 6B9EB015298859560037D178 /* SUITesslaApp.app */;
			productType = "com.apple.product-type.application";
		};
/* End PBXNativeTarget section */

/* Begin PBXProject section */
		6B9EB00D298859560037D178 /* Project object */ = {
			isa = PBXProject;
			attributes = {
				BuildIndependentTargetsInParallel = 1;
				LastSwiftUpdateCheck = 1410;
				LastUpgradeCheck = 1410;
				TargetAttributes = {
					6B9EB014298859560037D178 = {
						CreatedOnToolsVersion = 14.1;
					};
				};
			};
			buildConfigurationList = 6B9EB010298859560037D178 /* Build configuration list for PBXProject "SUITesslaApp" */;
			compatibilityVersion = "Xcode 14.0";
			developmentRegion = en;
			hasScannedForEncodings = 0;
			knownRegions = (
				en,
				Base,
			);
			mainGroup = 6B9EB00C298859560037D178;
			productRefGroup = 6B9EB016298859560037D178 /* Products */;
			projectDirPath = "";
			projectRoot = "";
			targets = (
				6B9EB014298859560037D178 /* SUITesslaApp */,
			);
		};
/* End PBXProject section */

/* Begin PBXResourcesBuildPhase section */
		6B9EB013298859560037D178 /* Resources */ = {
			isa = PBXResourcesBuildPhase;
			buildActionMask = 2147483647;
			files = (
				6B9EB020298859580037D178 /* Preview Assets.xcassets in Resources */,
				6B9EB01D298859580037D178 /* Assets.xcassets in Resources */,
			);
			runOnlyForDeploymentPostprocessing = 0;
		};
/* End PBXResourcesBuildPhase section */

/* Begin PBXSourcesBuildPhase section */
		6B9EB011298859560037D178 /* Sources */ = {
			isa = PBXSourcesBuildPhase;
			buildActionMask = 2147483647;
			files = (
				6B63EECF298BC53F00F7CEEA /* CustomStepper.swift in Sources */,
				6BA0E79E2989B89800C2AC98 /* CarSettingsSlider.swift in Sources */,
				6B9EB01B298859560037D178 /* CarPreviewScreen.swift in Sources */,
				6B9EB019298859560037D178 /* SUITesslaAppApp.swift in Sources */,
				6BA0E7A3298ACB6500C2AC98 /* SettingsScreenViewModel.swift in Sources */,
				6BA0E7A1298A3DCC00C2AC98 /* GlobalConstants.swift in Sources */,
				6B63EED5298BD0C800F7CEEA /* CarPreviewNeumorphismModifiers.swift in Sources */,
				6B63EED2298BCF1200F7CEEA /* CarPreviewModelView.swift in Sources */,
				6B63EECC298BA7FB00F7CEEA /* View+.swift in Sources */,
				6BA0E79B298997C800C2AC98 /* SettingsScreenView.swift in Sources */,
				6B63EEC9298BA71100F7CEEA /* NeumorphismModifiers.swift in Sources */,
				6B9EB0282988E6160037D178 /* StartScreen.swift in Sources */,
			);
			runOnlyForDeploymentPostprocessing = 0;
		};
/* End PBXSourcesBuildPhase section */

/* Begin XCBuildConfiguration section */
		6B9EB021298859580037D178 /* Debug */ = {
			isa = XCBuildConfiguration;
			buildSettings = {
				ALWAYS_SEARCH_USER_PATHS = NO;
				CLANG_ANALYZER_NONNULL = YES;
				CLANG_ANALYZER_NUMBER_OBJECT_CONVERSION = YES_AGGRESSIVE;
				CLANG_CXX_LANGUAGE_STANDARD = "gnu++20";
				CLANG_ENABLE_MODULES = YES;
				CLANG_ENABLE_OBJC_ARC = YES;
				CLANG_ENABLE_OBJC_WEAK = YES;
				CLANG_WARN_BLOCK_CAPTURE_AUTORELEASING = YES;
				CLANG_WARN_BOOL_CONVERSION = YES;
				CLANG_WARN_COMMA = YES;
				CLANG_WARN_CONSTANT_CONVERSION = YES;
				CLANG_WARN_DEPRECATED_OBJC_IMPLEMENTATIONS = YES;
				CLANG_WARN_DIRECT_OBJC_ISA_USAGE = YES_ERROR;
				CLANG_WARN_DOCUMENTATION_COMMENTS = YES;
				CLANG_WARN_EMPTY_BODY = YES;
				CLANG_WARN_ENUM_CONVERSION = YES;
				CLANG_WARN_INFINITE_RECURSION = YES;
				CLANG_WARN_INT_CONVERSION = YES;
				CLANG_WARN_NON_LITERAL_NULL_CONVERSION = YES;
				CLANG_WARN_OBJC_IMPLICIT_RETAIN_SELF = YES;
				CLANG_WARN_OBJC_LITERAL_CONVERSION = YES;
				CLANG_WARN_OBJC_ROOT_CLASS = YES_ERROR;
				CLANG_WARN_QUOTED_INCLUDE_IN_FRAMEWORK_HEADER = YES;
				CLANG_WARN_RANGE_LOOP_ANALYSIS = YES;
				CLANG_WARN_STRICT_PROTOTYPES = YES;
				CLANG_WARN_SUSPICIOUS_MOVE = YES;
				CLANG_WARN_UNGUARDED_AVAILABILITY = YES_AGGRESSIVE;
				CLANG_WARN_UNREACHABLE_CODE = YES;
				CLANG_WARN__DUPLICATE_METHOD_MATCH = YES;
				COPY_PHASE_STRIP = NO;
				DEBUG_INFORMATION_FORMAT = dwarf;
				ENABLE_STRICT_OBJC_MSGSEND = YES;
				ENABLE_TESTABILITY = YES;
				GCC_C_LANGUAGE_STANDARD = gnu11;
				GCC_DYNAMIC_NO_PIC = NO;
				GCC_NO_COMMON_BLOCKS = YES;
				GCC_OPTIMIZATION_LEVEL = 0;
				GCC_PREPROCESSOR_DEFINITIONS = (
					"DEBUG=1",
					"$(inherited)",
				);
				GCC_WARN_64_TO_32_BIT_CONVERSION = YES;
				GCC_WARN_ABOUT_RETURN_TYPE = YES_ERROR;
				GCC_WARN_UNDECLARED_SELECTOR = YES;
				GCC_WARN_UNINITIALIZED_AUTOS = YES_AGGRESSIVE;
				GCC_WARN_UNUSED_FUNCTION = YES;
				GCC_WARN_UNUSED_VARIABLE = YES;
				IPHONEOS_DEPLOYMENT_TARGET = 16.1;
				MTL_ENABLE_DEBUG_INFO = INCLUDE_SOURCE;
				MTL_FAST_MATH = YES;
				ONLY_ACTIVE_ARCH = YES;
				SDKROOT = iphoneos;
				SWIFT_ACTIVE_COMPILATION_CONDITIONS = DEBUG;
				SWIFT_OPTIMIZATION_LEVEL = "-Onone";
			};
			name = Debug;
		};
		6B9EB022298859580037D178 /* Release */ = {
			isa = XCBuildConfiguration;
			buildSettings = {
				ALWAYS_SEARCH_USER_PATHS = NO;
				CLANG_ANALYZER_NONNULL = YES;
				CLANG_ANALYZER_NUMBER_OBJECT_CONVERSION = YES_AGGRESSIVE;
				CLANG_CXX_LANGUAGE_STANDARD = "gnu++20";
				CLANG_ENABLE_MODULES = YES;
				CLANG_ENABLE_OBJC_ARC = YES;
				CLANG_ENABLE_OBJC_WEAK = YES;
				CLANG_WARN_BLOCK_CAPTURE_AUTORELEASING = YES;
				CLANG_WARN_BOOL_CONVERSION = YES;
				CLANG_WARN_COMMA = YES;
				CLANG_WARN_CONSTANT_CONVERSION = YES;
				CLANG_WARN_DEPRECATED_OBJC_IMPLEMENTATIONS = YES;
				CLANG_WARN_DIRECT_OBJC_ISA_USAGE = YES_ERROR;
				CLANG_WARN_DOCUMENTATION_COMMENTS = YES;
				CLANG_WARN_EMPTY_BODY = YES;
				CLANG_WARN_ENUM_CONVERSION = YES;
				CLANG_WARN_INFINITE_RECURSION = YES;
				CLANG_WARN_INT_CONVERSION = YES;
				CLANG_WARN_NON_LITERAL_NULL_CONVERSION = YES;
				CLANG_WARN_OBJC_IMPLICIT_RETAIN_SELF = YES;
				CLANG_WARN_OBJC_LITERAL_CONVERSION = YES;
				CLANG_WARN_OBJC_ROOT_CLASS = YES_ERROR;
				CLANG_WARN_QUOTED_INCLUDE_IN_FRAMEWORK_HEADER = YES;
				CLANG_WARN_RANGE_LOOP_ANALYSIS = YES;
				CLANG_WARN_STRICT_PROTOTYPES = YES;
				CLANG_WARN_SUSPICIOUS_MOVE = YES;
				CLANG_WARN_UNGUARDED_AVAILABILITY = YES_AGGRESSIVE;
				CLANG_WARN_UNREACHABLE_CODE = YES;
				CLANG_WARN__DUPLICATE_METHOD_MATCH = YES;
				COPY_PHASE_STRIP = NO;
				DEBUG_INFORMATION_FORMAT = "dwarf-with-dsym";
				ENABLE_NS_ASSERTIONS = NO;
				ENABLE_STRICT_OBJC_MSGSEND = YES;
				GCC_C_LANGUAGE_STANDARD = gnu11;
				GCC_NO_COMMON_BLOCKS = YES;
				GCC_WARN_64_TO_32_BIT_CONVERSION = YES;
				GCC_WARN_ABOUT_RETURN_TYPE = YES_ERROR;
				GCC_WARN_UNDECLARED_SELECTOR = YES;
				GCC_WARN_UNINITIALIZED_AUTOS = YES_AGGRESSIVE;
				GCC_WARN_UNUSED_FUNCTION = YES;
				GCC_WARN_UNUSED_VARIABLE = YES;
				IPHONEOS_DEPLOYMENT_TARGET = 16.1;
				MTL_ENABLE_DEBUG_INFO = NO;
				MTL_FAST_MATH = YES;
				SDKROOT = iphoneos;
				SWIFT_COMPILATION_MODE = wholemodule;
				SWIFT_OPTIMIZATION_LEVEL = "-O";
				VALIDATE_PRODUCT = YES;
			};
			name = Release;
		};
		6B9EB024298859580037D178 /* Debug */ = {
			isa = XCBuildConfiguration;
			buildSettings = {
				ASSETCATALOG_COMPILER_APPICON_NAME = AppIcon;
				ASSETCATALOG_COMPILER_GLOBAL_ACCENT_COLOR_NAME = AccentColor;
				CODE_SIGN_STYLE = Automatic;
				CURRENT_PROJECT_VERSION = 1;
				DEVELOPMENT_ASSET_PATHS = "\"SUITesslaApp/Preview Content\"";
				DEVELOPMENT_TEAM = RFQV2J5FYV;
				ENABLE_PREVIEWS = YES;
				GENERATE_INFOPLIST_FILE = YES;
				INFOPLIST_KEY_UIApplicationSceneManifest_Generation = YES;
				INFOPLIST_KEY_UIApplicationSupportsIndirectInputEvents = YES;
				INFOPLIST_KEY_UILaunchScreen_Generation = YES;
				INFOPLIST_KEY_UISupportedInterfaceOrientations_iPad = "UIInterfaceOrientationPortrait UIInterfaceOrientationPortraitUpsideDown UIInterfaceOrientationLandscapeLeft UIInterfaceOrientationLandscapeRight";
				INFOPLIST_KEY_UISupportedInterfaceOrientations_iPhone = "UIInterfaceOrientationPortrait UIInterfaceOrientationLandscapeLeft UIInterfaceOrientationLandscapeRight";
				LD_RUNPATH_SEARCH_PATHS = (
					"$(inherited)",
					"@executable_path/Frameworks",
				);
				MARKETING_VERSION = 1.0;
				PRODUCT_BUNDLE_IDENTIFIER = someacc.SUITesslaApp;
				PRODUCT_NAME = "$(TARGET_NAME)";
				SWIFT_EMIT_LOC_STRINGS = YES;
				SWIFT_VERSION = 5.0;
				TARGETED_DEVICE_FAMILY = "1,2";
			};
			name = Debug;
		};
		6B9EB025298859580037D178 /* Release */ = {
			isa = XCBuildConfiguration;
			buildSettings = {
				ASSETCATALOG_COMPILER_APPICON_NAME = AppIcon;
				ASSETCATALOG_COMPILER_GLOBAL_ACCENT_COLOR_NAME = AccentColor;
				CODE_SIGN_STYLE = Automatic;
				CURRENT_PROJECT_VERSION = 1;
				DEVELOPMENT_ASSET_PATHS = "\"SUITesslaApp/Preview Content\"";
				DEVELOPMENT_TEAM = RFQV2J5FYV;
				ENABLE_PREVIEWS = YES;
				GENERATE_INFOPLIST_FILE = YES;
				INFOPLIST_KEY_UIApplicationSceneManifest_Generation = YES;
				INFOPLIST_KEY_UIApplicationSupportsIndirectInputEvents = YES;
				INFOPLIST_KEY_UILaunchScreen_Generation = YES;
				INFOPLIST_KEY_UISupportedInterfaceOrientations_iPad = "UIInterfaceOrientationPortrait UIInterfaceOrientationPortraitUpsideDown UIInterfaceOrientationLandscapeLeft UIInterfaceOrientationLandscapeRight";
				INFOPLIST_KEY_UISupportedInterfaceOrientations_iPhone = "UIInterfaceOrientationPortrait UIInterfaceOrientationLandscapeLeft UIInterfaceOrientationLandscapeRight";
				LD_RUNPATH_SEARCH_PATHS = (
					"$(inherited)",
					"@executable_path/Frameworks",
				);
				MARKETING_VERSION = 1.0;
				PRODUCT_BUNDLE_IDENTIFIER = someacc.SUITesslaApp;
				PRODUCT_NAME = "$(TARGET_NAME)";
				SWIFT_EMIT_LOC_STRINGS = YES;
				SWIFT_VERSION = 5.0;
				TARGETED_DEVICE_FAMILY = "1,2";
			};
			name = Release;
		};
/* End XCBuildConfiguration section */

/* Begin XCConfigurationList section */
		6B9EB010298859560037D178 /* Build configuration list for PBXProject "SUITesslaApp" */ = {
			isa = XCConfigurationList;
			buildConfigurations = (
				6B9EB021298859580037D178 /* Debug */,
				6B9EB022298859580037D178 /* Release */,
			);
			defaultConfigurationIsVisible = 0;
			defaultConfigurationName = Release;
		};
		6B9EB023298859580037D178 /* Build configuration list for PBXNativeTarget "SUITesslaApp" */ = {
			isa = XCConfigurationList;
			buildConfigurations = (
				6B9EB024298859580037D178 /* Debug */,
				6B9EB025298859580037D178 /* Release */,
			);
			defaultConfigurationIsVisible = 0;
			defaultConfigurationName = Release;
		};
/* End XCConfigurationList section */
	};
	rootObject = 6B9EB00D298859560037D178 /* Project object */;
}
